PODS:
  - ActionSheetPicker-3.0 (2.2.0)
  - AFNetworking (3.1.0):
    - AFNetworking/NSURLSession (= 3.1.0)
    - AFNetworking/Reachability (= 3.1.0)
    - AFNetworking/Security (= 3.1.0)
    - AFNetworking/Serialization (= 3.1.0)
    - AFNetworking/UIKit (= 3.1.0)
  - AFNetworking/NSURLSession (3.1.0):
    - AFNetworking/Reachability
    - AFNetworking/Security
    - AFNetworking/Serialization
  - AFNetworking/Reachability (3.1.0)
  - AFNetworking/Security (3.1.0)
  - AFNetworking/Serialization (3.1.0)
  - AFNetworking/UIKit (3.1.0):
    - AFNetworking/NSURLSession
  - Crashlytics (3.8.3):
    - Fabric (~> 1.6.3)
  - CTFeedback (1.1.1)
  - CWStatusBarNotification (2.3.5)
  - DZNEmptyDataSet (1.8.1)
  - EZSwiftExtensions (1.8)
  - Fabric (1.6.11)
  - IQKeyboardManagerSwift (4.0.8)
  - iVersion (1.11.5)
  - JFMinimalNotifications (0.0.9)
  - MagicalRecord (2.3.2):
    - MagicalRecord/Core (= 2.3.2)
  - MagicalRecord/Core (2.3.2)
  - ReachabilitySwift (3)
  - Toaster (2.0.1)
  - UIAlertView+Blocks (0.9)

DEPENDENCIES:
  - ActionSheetPicker-3.0
  - AFNetworking
  - Crashlytics
  - CTFeedback
  - CWStatusBarNotification
  - DZNEmptyDataSet
  - EZSwiftExtensions
  - Fabric
  - IQKeyboardManagerSwift
  - iVersion
  - JFMinimalNotifications
  - MagicalRecord
  - ReachabilitySwift
  - Toaster
  - UIAlertView+Blocks

SPEC CHECKSUMS:
  ActionSheetPicker-3.0: d11a4c12c6aaf704b8a3f56d179198c99f3e41e6
  AFNetworking: 5e0e199f73d8626b11e79750991f5d173d1f8b67
  Crashlytics: 2b6dbe138a42395577cfa73dfa1aa7248cadf39e
  CTFeedback: 6f128606e0d26d46075c3fa9fc33884372df8675
  CWStatusBarNotification: 3d2738b25c3207f60cc50201388d3c96182545ff
  DZNEmptyDataSet: 9525833b9e68ac21c30253e1d3d7076cc828eaa7
  EZSwiftExtensions: b58e0fe7702e30c4f01bd039658fe84b4fdf5bd5
  Fabric: 5911403591946b8228ab1c51d98f1d7137e863c6
  IQKeyboardManagerSwift: c04bc9f68473823f825eb44d958fce98d921bead
  iVersion: 3a93a89259eb3b52b0a8ba52c46a0027fa6b4d30
  JFMinimalNotifications: b0c64f1237d8571f8e091b51530ffb9d8d7dcb76
  MagicalRecord: 53bed74b4323b930992a725be713e53b37d19755
  ReachabilitySwift: f5b9bb30a0777fac8f09ce8b067e32faeb29bb64
  Toaster: be65cd48e93a525b2a9cc4bd25a2bfc900e02d9f
  UIAlertView+Blocks: a46c99c5144f6c5dbc7d62fd2a0678daceec89a3

PODFILE CHECKSUM: f2a62309eb912e940a1feec8b42bcba33376ca10

COCOAPODS: 1.1.1
